
Microsoft Visual Studio Solution File, Format Version 12.00
# Visual Studio 15
VisualStudioVersion = 15.0.28307.271
MinimumVisualStudioVersion = 10.0.40219.1
Project("{FAE04EC0-301F-11D3-BF4B-00C04F79EFBC}") = "CSharpTravisCI", "CSharpTravisCI\CSharpTravisCI.csproj", "{8815C699-C8A9-4C07-84B3-1614C6F0F150}"
EndProject
Project("{FAE04EC0-301F-11D3-BF4B-00C04F79EFBC}") = "CSharpTravisCITests", "CSharpTravisCITests\CSharpTravisCITests.csproj", "{CA40CA6C-E3D4-4296-BC41-AC3C5C31C425}"
EndProject
Global
	GlobalSection(SolutionConfigurationPlatforms) = preSolution
		Debug|Any CPU = Debug|Any CPU
		Release|Any CPU = Release|Any CPU
	EndGlobalSection
	GlobalSection(ProjectConfigurationPlatforms) = postSolution
		{8815C699-C8A9-4C07-84B3-1614C6F0F150}.Debug|Any CPU.ActiveCfg = Debug|Any CPU
		{8815C699-C8A9-4C07-84B3-1614C6F0F150}.Debug|Any CPU.Build.0 = Debug|Any CPU
		{8815C699-C8A9-4C07-84B3-1614C6F0F150}.Release|Any CPU.ActiveCfg = Release|Any CPU
		{8815C699-C8A9-4C07-84B3-1614C6F0F150}.Release|Any CPU.Build.0 = Release|Any CPU
		{CA40CA6C-E3D4-4296-BC41-AC3C5C31C425}.Debug|Any CPU.ActiveCfg = Debug|Any CPU
		{CA40CA6C-E3D4-4296-BC41-AC3C5C31C425}.Debug|Any CPU.Build.0 = Debug|Any CPU
		{CA40CA6C-E3D4-4296-BC41-AC3C5C31C425}.Release|Any CPU.ActiveCfg = Release|Any CPU
		{CA40CA6C-E3D4-4296-BC41-AC3C5C31C425}.Release|Any CPU.Build.0 = Release|Any CPU
	EndGlobalSection
	GlobalSection(SolutionProperties) = preSolution
		HideSolutionNode = FALSE
	EndGlobalSection
	GlobalSection(ExtensibilityGlobals) = postSolution
		SolutionGuid = {C69BFB66-F3F2-4BFC-AFEC-06244F912B1F}
	EndGlobalSection
EndGlobal
